// !$*UTF8*$!
{
	archiveVersion = 1;
	classes = {
	};
	objectVersion = 50;
	objects = {

/* Begin PBXBuildFile section */
		27094C3B49F44116FDE9B51B /* Pods_HelloGoldRegister.framework in Frameworks */ = {isa = PBXBuildFile; fileRef = 848F36B90A3D08619E703574 /* Pods_HelloGoldRegister.framework */; };
		DB4E09A021FC03E5003312ED /* AppDelegate.swift in Sources */ = {isa = PBXBuildFile; fileRef = DB4E099F21FC03E5003312ED /* AppDelegate.swift */; };
		DB4E09A221FC03E5003312ED /* ViewController.swift in Sources */ = {isa = PBXBuildFile; fileRef = DB4E09A121FC03E5003312ED /* ViewController.swift */; };
		DB4E09A521FC03E5003312ED /* Main.storyboard in Resources */ = {isa = PBXBuildFile; fileRef = DB4E09A321FC03E5003312ED /* Main.storyboard */; };
		DB4E09AA21FC03E6003312ED /* LaunchScreen.storyboard in Resources */ = {isa = PBXBuildFile; fileRef = DB4E09A821FC03E6003312ED /* LaunchScreen.storyboard */; };
		DB567B2A21FC30A80081270F /* DashboardViewController.swift in Sources */ = {isa = PBXBuildFile; fileRef = DB567B2921FC30A80081270F /* DashboardViewController.swift */; };
		DBB496AE21FC18F9005342D3 /* UserInfo.swift in Sources */ = {isa = PBXBuildFile; fileRef = DBB496AD21FC18F9005342D3 /* UserInfo.swift */; };
		DBFFDF6F21FC153D00289972 /* Assets.xcassets in Resources */ = {isa = PBXBuildFile; fileRef = DBFFDF6E21FC153D00289972 /* Assets.xcassets */; };
/* End PBXBuildFile section */

/* Begin PBXFileReference section */
		019B3FB30088B06D46AD865B /* Pods-HelloGoldRegister.debug.xcconfig */ = {isa = PBXFileReference; includeInIndex = 1; lastKnownFileType = text.xcconfig; name = "Pods-HelloGoldRegister.debug.xcconfig"; path = "Pods/Target Support Files/Pods-HelloGoldRegister/Pods-HelloGoldRegister.debug.xcconfig"; sourceTree = "<group>"; };
		49F8E9F39E9A6B149FB0F998 /* Pods-HelloGoldRegister.release.xcconfig */ = {isa = PBXFileReference; includeInIndex = 1; lastKnownFileType = text.xcconfig; name = "Pods-HelloGoldRegister.release.xcconfig"; path = "Pods/Target Support Files/Pods-HelloGoldRegister/Pods-HelloGoldRegister.release.xcconfig"; sourceTree = "<group>"; };
		848F36B90A3D08619E703574 /* Pods_HelloGoldRegister.framework */ = {isa = PBXFileReference; explicitFileType = wrapper.framework; includeInIndex = 0; path = Pods_HelloGoldRegister.framework; sourceTree = BUILT_PRODUCTS_DIR; };
		DB4E099C21FC03E5003312ED /* HelloGoldRegister.app */ = {isa = PBXFileReference; explicitFileType = wrapper.application; includeInIndex = 0; path = HelloGoldRegister.app; sourceTree = BUILT_PRODUCTS_DIR; };
		DB4E099F21FC03E5003312ED /* AppDelegate.swift */ = {isa = PBXFileReference; lastKnownFileType = sourcecode.swift; path = AppDelegate.swift; sourceTree = "<group>"; };
		DB4E09A121FC03E5003312ED /* ViewController.swift */ = {isa = PBXFileReference; lastKnownFileType = sourcecode.swift; path = ViewController.swift; sourceTree = "<group>"; };
		DB4E09A421FC03E5003312ED /* Base */ = {isa = PBXFileReference; lastKnownFileType = file.storyboard; name = Base; path = Base.lproj/Main.storyboard; sourceTree = "<group>"; };
		DB4E09A921FC03E6003312ED /* Base */ = {isa = PBXFileReference; lastKnownFileType = file.storyboard; name = Base; path = Base.lproj/LaunchScreen.storyboard; sourceTree = "<group>"; };
		DB4E09AB21FC03E6003312ED /* Info.plist */ = {isa = PBXFileReference; lastKnownFileType = text.plist.xml; path = Info.plist; sourceTree = "<group>"; };
		DB567B2921FC30A80081270F /* DashboardViewController.swift */ = {isa = PBXFileReference; lastKnownFileType = sourcecode.swift; path = DashboardViewController.swift; sourceTree = "<group>"; };
		DBB496AD21FC18F9005342D3 /* UserInfo.swift */ = {isa = PBXFileReference; fileEncoding = 4; lastKnownFileType = sourcecode.swift; path = UserInfo.swift; sourceTree = "<group>"; };
		DBFFDF6E21FC153D00289972 /* Assets.xcassets */ = {isa = PBXFileReference; lastKnownFileType = folder.assetcatalog; path = Assets.xcassets; sourceTree = "<group>"; };
/* End PBXFileReference section */

/* Begin PBXFrameworksBuildPhase section */
		DB4E099921FC03E5003312ED /* Frameworks */ = {
			isa = PBXFrameworksBuildPhase;
			buildActionMask = 2147483647;
			files = (
				27094C3B49F44116FDE9B51B /* Pods_HelloGoldRegister.framework in Frameworks */,
			);
			runOnlyForDeploymentPostprocessing = 0;
		};
/* End PBXFrameworksBuildPhase section */

/* Begin PBXGroup section */
		408485D44CA21115C4776577 /* Pods */ = {
			isa = PBXGroup;
			children = (
				019B3FB30088B06D46AD865B /* Pods-HelloGoldRegister.debug.xcconfig */,
				49F8E9F39E9A6B149FB0F998 /* Pods-HelloGoldRegister.release.xcconfig */,
			);
			name = Pods;
			sourceTree = "<group>";
		};
		884A04913A9CB274E450A014 /* Frameworks */ = {
			isa = PBXGroup;
			children = (
				848F36B90A3D08619E703574 /* Pods_HelloGoldRegister.framework */,
			);
			name = Frameworks;
			sourceTree = "<group>";
		};
		DB4E099321FC03E5003312ED = {
			isa = PBXGroup;
			children = (
				DB4E099E21FC03E5003312ED /* HelloGoldRegister */,
				DB4E099D21FC03E5003312ED /* Products */,
				408485D44CA21115C4776577 /* Pods */,
				884A04913A9CB274E450A014 /* Frameworks */,
			);
			sourceTree = "<group>";
		};
		DB4E099D21FC03E5003312ED /* Products */ = {
			isa = PBXGroup;
			children = (
				DB4E099C21FC03E5003312ED /* HelloGoldRegister.app */,
			);
			name = Products;
			sourceTree = "<group>";
		};
		DB4E099E21FC03E5003312ED /* HelloGoldRegister */ = {
			isa = PBXGroup;
			children = (
				DBB496AD21FC18F9005342D3 /* UserInfo.swift */,
				DB4E099F21FC03E5003312ED /* AppDelegate.swift */,
				DB4E09A121FC03E5003312ED /* ViewController.swift */,
				DB4E09A321FC03E5003312ED /* Main.storyboard */,
				DB4E09A821FC03E6003312ED /* LaunchScreen.storyboard */,
				DB4E09AB21FC03E6003312ED /* Info.plist */,
				DBFFDF6E21FC153D00289972 /* Assets.xcassets */,
				DB567B2921FC30A80081270F /* DashboardViewController.swift */,
			);
			path = HelloGoldRegister;
			sourceTree = "<group>";
		};
/* End PBXGroup section */

/* Begin PBXNativeTarget section */
		DB4E099B21FC03E5003312ED /* HelloGoldRegister */ = {
			isa = PBXNativeTarget;
			buildConfigurationList = DB4E09AE21FC03E6003312ED /* Build configuration list for PBXNativeTarget "HelloGoldRegister" */;
			buildPhases = (
				DB417BA680BA535547A7153C /* [CP] Check Pods Manifest.lock */,
				DB4E099821FC03E5003312ED /* Sources */,
				DB4E099921FC03E5003312ED /* Frameworks */,
				DB4E099A21FC03E5003312ED /* Resources */,
				552D2BEE1B17350FDC9DFCBC /* [CP] Embed Pods Frameworks */,
			);
			buildRules = (
			);
			dependencies = (
			);
			name = HelloGoldRegister;
			productName = HelloGoldRegister;
			productReference = DB4E099C21FC03E5003312ED /* HelloGoldRegister.app */;
			productType = "com.apple.product-type.application";
		};
/* End PBXNativeTarget section */

/* Begin PBXProject section */
		DB4E099421FC03E5003312ED /* Project object */ = {
			isa = PBXProject;
			attributes = {
				LastSwiftUpdateCheck = 1010;
				LastUpgradeCheck = 1010;
				ORGANIZATIONNAME = Teerawat;
				TargetAttributes = {
					DB4E099B21FC03E5003312ED = {
						CreatedOnToolsVersion = 10.1;
					};
				};
			};
			buildConfigurationList = DB4E099721FC03E5003312ED /* Build configuration list for PBXProject "HelloGoldRegister" */;
			compatibilityVersion = "Xcode 9.3";
			developmentRegion = en;
			hasScannedForEncodings = 0;
			knownRegions = (
				en,
				Base,
			);
			mainGroup = DB4E099321FC03E5003312ED;
			productRefGroup = DB4E099D21FC03E5003312ED /* Products */;
			projectDirPath = "";
			projectRoot = "";
			targets = (
				DB4E099B21FC03E5003312ED /* HelloGoldRegister */,
			);
		};
/* End PBXProject section */

/* Begin PBXResourcesBuildPhase section */
		DB4E099A21FC03E5003312ED /* Resources */ = {
			isa = PBXResourcesBuildPhase;
			buildActionMask = 2147483647;
			files = (
				DB4E09AA21FC03E6003312ED /* LaunchScreen.storyboard in Resources */,
				DBFFDF6F21FC153D00289972 /* Assets.xcassets in Resources */,
				DB4E09A521FC03E5003312ED /* Main.storyboard in Resources */,
			);
			runOnlyForDeploymentPostprocessing = 0;
		};
/* End PBXResourcesBuildPhase section */

/* Begin PBXShellScriptBuildPhase section */
		552D2BEE1B17350FDC9DFCBC /* [CP] Embed Pods Frameworks */ = {
			isa = PBXShellScriptBuildPhase;
			buildActionMask = 2147483647;
			files = (
			);
			inputFileListPaths = (
			);
			inputPaths = (
				"${SRCROOT}/Pods/Target Support Files/Pods-HelloGoldRegister/Pods-HelloGoldRegister-frameworks.sh",
				"${BUILT_PRODUCTS_DIR}/Alamofire/Alamofire.framework",
			);
			name = "[CP] Embed Pods Frameworks";
			outputFileListPaths = (
			);
			outputPaths = (
				"${TARGET_BUILD_DIR}/${FRAMEWORKS_FOLDER_PATH}/Alamofire.framework",
			);
			runOnlyForDeploymentPostprocessing = 0;
			shellPath = /bin/sh;
			shellScript = "\"${SRCROOT}/Pods/Target Support Files/Pods-HelloGoldRegister/Pods-HelloGoldRegister-frameworks.sh\"\n";
			showEnvVarsInLog = 0;
		};
		DB417BA680BA535547A7153C /* [CP] Check Pods Manifest.lock */ = {
			isa = PBXShellScriptBuildPhase;
			buildActionMask = 2147483647;
			files = (
			);
			inputFileListPaths = (
			);
			inputPaths = (
				"${PODS_PODFILE_DIR_PATH}/Podfile.lock",
				"${PODS_ROOT}/Manifest.lock",
			);
			name = "[CP] Check Pods Manifest.lock";
			outputFileListPaths = (
			);
			outputPaths = (
				"$(DERIVED_FILE_DIR)/Pods-HelloGoldRegister-checkManifestLockResult.txt",
			);
			runOnlyForDeploymentPostprocessing = 0;
			shellPath = /bin/sh;
			shellScript = "diff \"${PODS_PODFILE_DIR_PATH}/Podfile.lock\" \"${PODS_ROOT}/Manifest.lock\" > /dev/null\nif [ $? != 0 ] ; then\n    # print error to STDERR\n    echo \"error: The sandbox is not in sync with the Podfile.lock. Run 'pod install' or update your CocoaPods installation.\" >&2\n    exit 1\nfi\n# This output is used by Xcode 'outputs' to avoid re-running this script phase.\necho \"SUCCESS\" > \"${SCRIPT_OUTPUT_FILE_0}\"\n";
			showEnvVarsInLog = 0;
		};
/* End PBXShellScriptBuildPhase section */

/* Begin PBXSourcesBuildPhase section */
		DB4E099821FC03E5003312ED /* Sources */ = {
			isa = PBXSourcesBuildPhase;
			buildActionMask = 2147483647;
			files = (
				DB4E09A221FC03E5003312ED /* ViewController.swift in Sources */,
				DBB496AE21FC18F9005342D3 /* UserInfo.swift in Sources */,
				DB4E09A021FC03E5003312ED /* AppDelegate.swift in Sources */,
				DB567B2A21FC30A80081270F /* DashboardViewController.swift in Sources */,
			);
			runOnlyForDeploymentPostprocessing = 0;
		};
/* End PBXSourcesBuildPhase section */

/* Begin PBXVariantGroup section */
		DB4E09A321FC03E5003312ED /* Main.storyboard */ = {
			isa = PBXVariantGroup;
			children = (
				DB4E09A421FC03E5003312ED /* Base */,
			);
			name = Main.storyboard;
			sourceTree = "<group>";
		};
		DB4E09A821FC03E6003312ED /* LaunchScreen.storyboard */ = {
			isa = PBXVariantGroup;
			children = (
				DB4E09A921FC03E6003312ED /* Base */,
			);
			name = LaunchScreen.storyboard;
			sourceTree = "<group>";
		};
/* End PBXVariantGroup section */

/* Begin XCBuildConfiguration section */
		DB4E09AC21FC03E6003312ED /* Debug */ = {
			isa = XCBuildConfiguration;
			buildSettings = {
				ALWAYS_SEARCH_USER_PATHS = NO;
				CLANG_ANALYZER_NONNULL = YES;
				CLANG_ANALYZER_NUMBER_OBJECT_CONVERSION = YES_AGGRESSIVE;
				CLANG_CXX_LANGUAGE_STANDARD = "gnu++14";
				CLANG_CXX_LIBRARY = "libc++";
				CLANG_ENABLE_MODULES = YES;
				CLANG_ENABLE_OBJC_ARC = YES;
				CLANG_ENABLE_OBJC_WEAK = YES;
				CLANG_WARN_BLOCK_CAPTURE_AUTORELEASING = YES;
				CLANG_WARN_BOOL_CONVERSION = YES;
				CLANG_WARN_COMMA = YES;
				CLANG_WARN_CONSTANT_CONVERSION = YES;
				CLANG_WARN_DEPRECATED_OBJC_IMPLEMENTATIONS = YES;
				CLANG_WARN_DIRECT_OBJC_ISA_USAGE = YES_ERROR;
				CLANG_WARN_DOCUMENTATION_COMMENTS = YES;
				CLANG_WARN_EMPTY_BODY = YES;
				CLANG_WARN_ENUM_CONVERSION = YES;
				CLANG_WARN_INFINITE_RECURSION = YES;
				CLANG_WARN_INT_CONVERSION = YES;
				CLANG_WARN_NON_LITERAL_NULL_CONVERSION = YES;
				CLANG_WARN_OBJC_IMPLICIT_RETAIN_SELF = YES;
				CLANG_WARN_OBJC_LITERAL_CONVERSION = YES;
				CLANG_WARN_OBJC_ROOT_CLASS = YES_ERROR;
				CLANG_WARN_RANGE_LOOP_ANALYSIS = YES;
				CLANG_WARN_STRICT_PROTOTYPES = YES;
				CLANG_WARN_SUSPICIOUS_MOVE = YES;
				CLANG_WARN_UNGUARDED_AVAILABILITY = YES_AGGRESSIVE;
				CLANG_WARN_UNREACHABLE_CODE = YES;
				CLANG_WARN__DUPLICATE_METHOD_MATCH = YES;
				CODE_SIGN_IDENTITY = "iPhone Developer";
				COPY_PHASE_STRIP = NO;
				DEBUG_INFORMATION_FORMAT = dwarf;
				ENABLE_STRICT_OBJC_MSGSEND = YES;
				ENABLE_TESTABILITY = YES;
				GCC_C_LANGUAGE_STANDARD = gnu11;
				GCC_DYNAMIC_NO_PIC = NO;
				GCC_NO_COMMON_BLOCKS = YES;
				GCC_OPTIMIZATION_LEVEL = 0;
				GCC_PREPROCESSOR_DEFINITIONS = (
					"DEBUG=1",
					"$(inherited)",
				);
				GCC_WARN_64_TO_32_BIT_CONVERSION = YES;
				GCC_WARN_ABOUT_RETURN_TYPE = YES_ERROR;
				GCC_WARN_UNDECLARED_SELECTOR = YES;
				GCC_WARN_UNINITIALIZED_AUTOS = YES_AGGRESSIVE;
				GCC_WARN_UNUSED_FUNCTION = YES;
				GCC_WARN_UNUSED_VARIABLE = YES;
				IPHONEOS_DEPLOYMENT_TARGET = 12.1;
				MTL_ENABLE_DEBUG_INFO = INCLUDE_SOURCE;
				MTL_FAST_MATH = YES;
				ONLY_ACTIVE_ARCH = YES;
				SDKROOT = iphoneos;
				SWIFT_ACTIVE_COMPILATION_CONDITIONS = DEBUG;
				SWIFT_OPTIMIZATION_LEVEL = "-Onone";
			};
			name = Debug;
		};
		DB4E09AD21FC03E6003312ED /* Release */ = {
			isa = XCBuildConfiguration;
			buildSettings = {
				ALWAYS_SEARCH_USER_PATHS = NO;
				CLANG_ANALYZER_NONNULL = YES;
				CLANG_ANALYZER_NUMBER_OBJECT_CONVERSION = YES_AGGRESSIVE;
				CLANG_CXX_LANGUAGE_STANDARD = "gnu++14";
				CLANG_CXX_LIBRARY = "libc++";
				CLANG_ENABLE_MODULES = YES;
				CLANG_ENABLE_OBJC_ARC = YES;
				CLANG_ENABLE_OBJC_WEAK = YES;
				CLANG_WARN_BLOCK_CAPTURE_AUTORELEASING = YES;
				CLANG_WARN_BOOL_CONVERSION = YES;
				CLANG_WARN_COMMA = YES;
				CLANG_WARN_CONSTANT_CONVERSION = YES;
				CLANG_WARN_DEPRECATED_OBJC_IMPLEMENTATIONS = YES;
				CLANG_WARN_DIRECT_OBJC_ISA_USAGE = YES_ERROR;
				CLANG_WARN_DOCUMENTATION_COMMENTS = YES;
				CLANG_WARN_EMPTY_BODY = YES;
				CLANG_WARN_ENUM_CONVERSION = YES;
				CLANG_WARN_INFINITE_RECURSION = YES;
				CLANG_WARN_INT_CONVERSION = YES;
				CLANG_WARN_NON_LITERAL_NULL_CONVERSION = YES;
				CLANG_WARN_OBJC_IMPLICIT_RETAIN_SELF = YES;
				CLANG_WARN_OBJC_LITERAL_CONVERSION = YES;
				CLANG_WARN_OBJC_ROOT_CLASS = YES_ERROR;
				CLANG_WARN_RANGE_LOOP_ANALYSIS = YES;
				CLANG_WARN_STRICT_PROTOTYPES = YES;
				CLANG_WARN_SUSPICIOUS_MOVE = YES;
				CLANG_WARN_UNGUARDED_AVAILABILITY = YES_AGGRESSIVE;
				CLANG_WARN_UNREACHABLE_CODE = YES;
				CLANG_WARN__DUPLICATE_METHOD_MATCH = YES;
				CODE_SIGN_IDENTITY = "iPhone Developer";
				COPY_PHASE_STRIP = NO;
				DEBUG_INFORMATION_FORMAT = "dwarf-with-dsym";
				ENABLE_NS_ASSERTIONS = NO;
				ENABLE_STRICT_OBJC_MSGSEND = YES;
				GCC_C_LANGUAGE_STANDARD = gnu11;
				GCC_NO_COMMON_BLOCKS = YES;
				GCC_WARN_64_TO_32_BIT_CONVERSION = YES;
				GCC_WARN_ABOUT_RETURN_TYPE = YES_ERROR;
				GCC_WARN_UNDECLARED_SELECTOR = YES;
				GCC_WARN_UNINITIALIZED_AUTOS = YES_AGGRESSIVE;
				GCC_WARN_UNUSED_FUNCTION = YES;
				GCC_WARN_UNUSED_VARIABLE = YES;
				IPHONEOS_DEPLOYMENT_TARGET = 12.1;
				MTL_ENABLE_DEBUG_INFO = NO;
				MTL_FAST_MATH = YES;
				SDKROOT = iphoneos;
				SWIFT_COMPILATION_MODE = wholemodule;
				SWIFT_OPTIMIZATION_LEVEL = "-O";
				VALIDATE_PRODUCT = YES;
			};
			name = Release;
		};
		DB4E09AF21FC03E6003312ED /* Debug */ = {
			isa = XCBuildConfiguration;
			baseConfigurationReference = 019B3FB30088B06D46AD865B /* Pods-HelloGoldRegister.debug.xcconfig */;
			buildSettings = {
				ASSETCATALOG_COMPILER_APPICON_NAME = AppIcon;
				CODE_SIGN_STYLE = Automatic;
				INFOPLIST_FILE = HelloGoldRegister/Info.plist;
				LD_RUNPATH_SEARCH_PATHS = (
					"$(inherited)",
					"@executable_path/Frameworks",
				);
				PRODUCT_BUNDLE_IDENTIFIER = c.HelloGoldRegister;
				PRODUCT_NAME = "$(TARGET_NAME)";
				SWIFT_VERSION = 4.2;
				TARGETED_DEVICE_FAMILY = "1,2";
			};
			name = Debug;
		};
		DB4E09B021FC03E6003312ED /* Release */ = {
			isa = XCBuildConfiguration;
			baseConfigurationReference = 49F8E9F39E9A6B149FB0F998 /* Pods-HelloGoldRegister.release.xcconfig */;
			buildSettings = {
				ASSETCATALOG_COMPILER_APPICON_NAME = AppIcon;
				CODE_SIGN_STYLE = Automatic;
				INFOPLIST_FILE = HelloGoldRegister/Info.plist;
				LD_RUNPATH_SEARCH_PATHS = (
					"$(inherited)",
					"@executable_path/Frameworks",
				);
				PRODUCT_BUNDLE_IDENTIFIER = c.HelloGoldRegister;
				PRODUCT_NAME = "$(TARGET_NAME)";
				SWIFT_VERSION = 4.2;
				TARGETED_DEVICE_FAMILY = "1,2";
			};
			name = Release;
		};
/* End XCBuildConfiguration section */

/* Begin XCConfigurationList section */
		DB4E099721FC03E5003312ED /* Build configuration list for PBXProject "HelloGoldRegister" */ = {
			isa = XCConfigurationList;
			buildConfigurations = (
				DB4E09AC21FC03E6003312ED /* Debug */,
				DB4E09AD21FC03E6003312ED /* Release */,
			);
			defaultConfigurationIsVisible = 0;
			defaultConfigurationName = Release;
		};
		DB4E09AE21FC03E6003312ED /* Build configuration list for PBXNativeTarget "HelloGoldRegister" */ = {
			isa = XCConfigurationList;
			buildConfigurations = (
				DB4E09AF21FC03E6003312ED /* Debug */,
				DB4E09B021FC03E6003312ED /* Release */,
			);
			defaultConfigurationIsVisible = 0;
			defaultConfigurationName = Release;
		};
/* End XCConfigurationList section */
	};
	rootObject = DB4E099421FC03E5003312ED /* Project object */;
}
